
Microsoft Visual Studio Solution File, Format Version 12.00
# Visual Studio Version 16
VisualStudioVersion = 16.0.31624.102
MinimumVisualStudioVersion = 10.0.40219.1
Project("{FAE04EC0-301F-11D3-BF4B-00C04F79EFBC}") = "Listing_3.1", "Listing_3.1\Listing_3.1.csproj", "{85C31268-A6A5-4CD6-8093-E3B3E31FD136}"
EndProject
Global
	GlobalSection(SolutionConfigurationPlatforms) = preSolution
		Debug|Any CPU = Debug|Any CPU
		Release|Any CPU = Release|Any CPU
	EndGlobalSection
	GlobalSection(ProjectConfigurationPlatforms) = postSolution
		{85C31268-A6A5-4CD6-8093-E3B3E31FD136}.Debug|Any CPU.ActiveCfg = Debug|Any CPU
		{85C31268-A6A5-4CD6-8093-E3B3E31FD136}.Debug|Any CPU.Build.0 = Debug|Any CPU
		{85C31268-A6A5-4CD6-8093-E3B3E31FD136}.Release|Any CPU.ActiveCfg = Release|Any CPU
		{85C31268-A6A5-4CD6-8093-E3B3E31FD136}.Release|Any CPU.Build.0 = Release|Any CPU
	EndGlobalSection
	GlobalSection(SolutionProperties) = preSolution
		HideSolutionNode = FALSE
	EndGlobalSection
	GlobalSection(ExtensibilityGlobals) = postSolution
		SolutionGuid = {5DC3727A-DC9B-4BE5-83BB-CE64798DC9F0}
	EndGlobalSection
EndGlobal
